
Microsoft Visual Studio Solution File, Format Version 12.00
# Visual Studio Version 16
VisualStudioVersion = 16.0.29409.12
MinimumVisualStudioVersion = 10.0.40219.1
Project("{FAE04EC0-301F-11D3-BF4B-00C04F79EFBC}") = "ArcRhino_Module", "ArcRhino_Module\ArcRhino_Module.csproj", "{C303B545-47F8-4102-B138-C6CC83C79B12}"
EndProject
Global
	GlobalSection(SolutionConfigurationPlatforms) = preSolution
		Debug|Any CPU = Debug|Any CPU
		Release|Any CPU = Release|Any CPU
	EndGlobalSection
	GlobalSection(ProjectConfigurationPlatforms) = postSolution
		{C303B545-47F8-4102-B138-C6CC83C79B12}.Debug|Any CPU.ActiveCfg = Debug|Any CPU
		{C303B545-47F8-4102-B138-C6CC83C79B12}.Debug|Any CPU.Build.0 = Debug|Any CPU
		{C303B545-47F8-4102-B138-C6CC83C79B12}.Release|Any CPU.ActiveCfg = Release|Any CPU
		{C303B545-47F8-4102-B138-C6CC83C79B12}.Release|Any CPU.Build.0 = Release|Any CPU
	EndGlobalSection
	GlobalSection(SolutionProperties) = preSolution
		HideSolutionNode = FALSE
	EndGlobalSection
	GlobalSection(ExtensibilityGlobals) = postSolution
		SolutionGuid = {33851813-B41C-4D89-B8FD-D054A4EBC5A8}
	EndGlobalSection
EndGlobal
